// !$*UTF8*$!
{
	archiveVersion = 1;
	classes = {
	};
	objectVersion = 51;
	objects = {

/* Begin PBXBuildFile section */
		D94F3A147D909F5D86FB6DA2 /* Pods_SocialApp.framework in Frameworks */ = {isa = PBXBuildFile; fileRef = 87AEF3678A4957ED1C59F0EB /* Pods_SocialApp.framework */; };
		FC3F7E71264567BA0086846A /* AppDelegate.swift in Sources */ = {isa = PBXBuildFile; fileRef = FC3F7E70264567BA0086846A /* AppDelegate.swift */; };
		FC3F7E7A264567BB0086846A /* Assets.xcassets in Resources */ = {isa = PBXBuildFile; fileRef = FC3F7E79264567BB0086846A /* Assets.xcassets */; };
		FC3F7E7D264567BB0086846A /* LaunchScreen.storyboard in Resources */ = {isa = PBXBuildFile; fileRef = FC3F7E7B264567BB0086846A /* LaunchScreen.storyboard */; };
		FCB41BCC264EAD1C0051A267 /* Init.storyboard in Resources */ = {isa = PBXBuildFile; fileRef = FCB41BCA264EAD1C0051A267 /* Init.storyboard */; };
		FCB41BCD264EAD1C0051A267 /* InitViewController.swift in Sources */ = {isa = PBXBuildFile; fileRef = FCB41BCB264EAD1C0051A267 /* InitViewController.swift */; };
		FCB41C0D264EB24B0051A267 /* AuthViewController.swift in Sources */ = {isa = PBXBuildFile; fileRef = FCB41C0C264EB24B0051A267 /* AuthViewController.swift */; };
		FCB41C10264EB2570051A267 /* Auth.storyboard in Resources */ = {isa = PBXBuildFile; fileRef = FCB41C0F264EB2570051A267 /* Auth.storyboard */; };
		FCB41C15264EB5EA0051A267 /* StoryBoardExtenstion.swift in Sources */ = {isa = PBXBuildFile; fileRef = FCB41C14264EB5EA0051A267 /* StoryBoardExtenstion.swift */; };
/* End PBXBuildFile section */

/* Begin PBXFileReference section */
		238DFC8E304CD9AE0E2261CE /* Pods-SocialApp.debug.xcconfig */ = {isa = PBXFileReference; includeInIndex = 1; lastKnownFileType = text.xcconfig; name = "Pods-SocialApp.debug.xcconfig"; path = "Target Support Files/Pods-SocialApp/Pods-SocialApp.debug.xcconfig"; sourceTree = "<group>"; };
		87AEF3678A4957ED1C59F0EB /* Pods_SocialApp.framework */ = {isa = PBXFileReference; explicitFileType = wrapper.framework; includeInIndex = 0; path = Pods_SocialApp.framework; sourceTree = BUILT_PRODUCTS_DIR; };
		E7AD69916CF6DB5B740B06D3 /* Pods-SocialApp.release.xcconfig */ = {isa = PBXFileReference; includeInIndex = 1; lastKnownFileType = text.xcconfig; name = "Pods-SocialApp.release.xcconfig"; path = "Target Support Files/Pods-SocialApp/Pods-SocialApp.release.xcconfig"; sourceTree = "<group>"; };
		FC3F7E6D264567BA0086846A /* SocialApp.app */ = {isa = PBXFileReference; explicitFileType = wrapper.application; includeInIndex = 0; path = SocialApp.app; sourceTree = BUILT_PRODUCTS_DIR; };
		FC3F7E70264567BA0086846A /* AppDelegate.swift */ = {isa = PBXFileReference; lastKnownFileType = sourcecode.swift; path = AppDelegate.swift; sourceTree = "<group>"; };
		FC3F7E79264567BB0086846A /* Assets.xcassets */ = {isa = PBXFileReference; lastKnownFileType = folder.assetcatalog; path = Assets.xcassets; sourceTree = "<group>"; };
		FC3F7E7C264567BB0086846A /* Base */ = {isa = PBXFileReference; lastKnownFileType = file.storyboard; name = Base; path = Base.lproj/LaunchScreen.storyboard; sourceTree = "<group>"; };
		FC3F7E7E264567BB0086846A /* Info.plist */ = {isa = PBXFileReference; lastKnownFileType = text.plist.xml; path = Info.plist; sourceTree = "<group>"; };
		FCB41BCA264EAD1C0051A267 /* Init.storyboard */ = {isa = PBXFileReference; fileEncoding = 4; lastKnownFileType = file.storyboard; name = Init.storyboard; path = Init/Init.storyboard; sourceTree = "<group>"; };
		FCB41BCB264EAD1C0051A267 /* InitViewController.swift */ = {isa = PBXFileReference; fileEncoding = 4; lastKnownFileType = sourcecode.swift; name = InitViewController.swift; path = Init/InitViewController.swift; sourceTree = "<group>"; };
		FCB41C0C264EB24B0051A267 /* AuthViewController.swift */ = {isa = PBXFileReference; lastKnownFileType = sourcecode.swift; path = AuthViewController.swift; sourceTree = "<group>"; };
		FCB41C0F264EB2570051A267 /* Auth.storyboard */ = {isa = PBXFileReference; lastKnownFileType = file.storyboard; path = Auth.storyboard; sourceTree = "<group>"; };
		FCB41C14264EB5EA0051A267 /* StoryBoardExtenstion.swift */ = {isa = PBXFileReference; lastKnownFileType = sourcecode.swift; path = StoryBoardExtenstion.swift; sourceTree = "<group>"; };
/* End PBXFileReference section */

/* Begin PBXFrameworksBuildPhase section */
		FC3F7E6A264567BA0086846A /* Frameworks */ = {
			isa = PBXFrameworksBuildPhase;
			buildActionMask = 2147483647;
			files = (
				D94F3A147D909F5D86FB6DA2 /* Pods_SocialApp.framework in Frameworks */,
			);
			runOnlyForDeploymentPostprocessing = 0;
		};
/* End PBXFrameworksBuildPhase section */

/* Begin PBXGroup section */
		1112FE6AC13D3D5408DA35BE /* Pods */ = {
			isa = PBXGroup;
			children = (
				238DFC8E304CD9AE0E2261CE /* Pods-SocialApp.debug.xcconfig */,
				E7AD69916CF6DB5B740B06D3 /* Pods-SocialApp.release.xcconfig */,
			);
			path = Pods;
			sourceTree = "<group>";
		};
		CDB7BC29C74FAF314B45ADEA /* Frameworks */ = {
			isa = PBXGroup;
			children = (
				87AEF3678A4957ED1C59F0EB /* Pods_SocialApp.framework */,
			);
			name = Frameworks;
			sourceTree = "<group>";
		};
		FC3F7E64264567BA0086846A = {
			isa = PBXGroup;
			children = (
				FC3F7E6F264567BA0086846A /* SocialApp */,
				FC3F7E6E264567BA0086846A /* Products */,
				1112FE6AC13D3D5408DA35BE /* Pods */,
				CDB7BC29C74FAF314B45ADEA /* Frameworks */,
			);
			sourceTree = "<group>";
		};
		FC3F7E6E264567BA0086846A /* Products */ = {
			isa = PBXGroup;
			children = (
				FC3F7E6D264567BA0086846A /* SocialApp.app */,
			);
			name = Products;
			sourceTree = "<group>";
		};
		FC3F7E6F264567BA0086846A /* SocialApp */ = {
			isa = PBXGroup;
			children = (
				FC3F7EA8264583080086846A /* Presenter */,
				FC3F7EA7264582F00086846A /* Resources */,
				FC3F7EA6264582AC0086846A /* Application */,
			);
			path = SocialApp;
			sourceTree = "<group>";
		};
		FC3F7EA6264582AC0086846A /* Application */ = {
			isa = PBXGroup;
			children = (
				FCB41C13264EB59F0051A267 /* Extenstions */,
				FC3F7E70264567BA0086846A /* AppDelegate.swift */,
			);
			path = Application;
			sourceTree = "<group>";
		};
		FC3F7EA7264582F00086846A /* Resources */ = {
			isa = PBXGroup;
			children = (
				FC3F7E79264567BB0086846A /* Assets.xcassets */,
				FC3F7E7B264567BB0086846A /* LaunchScreen.storyboard */,
				FC3F7E7E264567BB0086846A /* Info.plist */,
			);
			path = Resources;
			sourceTree = "<group>";
		};
		FC3F7EA8264583080086846A /* Presenter */ = {
			isa = PBXGroup;
			children = (
				FCB41C06264EB22F0051A267 /* Auth */,
				FCB41BC9264EAD120051A267 /* Init */,
			);
			path = Presenter;
			sourceTree = "<group>";
		};
		FCB41BC9264EAD120051A267 /* Init */ = {
			isa = PBXGroup;
			children = (
				FCB41BCA264EAD1C0051A267 /* Init.storyboard */,
				FCB41BCB264EAD1C0051A267 /* InitViewController.swift */,
			);
			name = Init;
			sourceTree = "<group>";
		};
		FCB41C06264EB22F0051A267 /* Auth */ = {
			isa = PBXGroup;
			children = (
				FCB41C0C264EB24B0051A267 /* AuthViewController.swift */,
				FCB41C0F264EB2570051A267 /* Auth.storyboard */,
			);
			path = Auth;
			sourceTree = "<group>";
		};
		FCB41C13264EB59F0051A267 /* Extenstions */ = {
			isa = PBXGroup;
			children = (
				FCB41C14264EB5EA0051A267 /* StoryBoardExtenstion.swift */,
			);
			path = Extenstions;
			sourceTree = "<group>";
		};
/* End PBXGroup section */

/* Begin PBXNativeTarget section */
		FC3F7E6C264567BA0086846A /* SocialApp */ = {
			isa = PBXNativeTarget;
			buildConfigurationList = FC3F7E81264567BB0086846A /* Build configuration list for PBXNativeTarget "SocialApp" */;
			buildPhases = (
				C8DFEB41FF793D24FD0DE33D /* [CP] Check Pods Manifest.lock */,
				FC3F7E69264567BA0086846A /* Sources */,
				FC3F7E6A264567BA0086846A /* Frameworks */,
				FC3F7E6B264567BA0086846A /* Resources */,
				A365C57C28D167AD3FD35248 /* [CP] Embed Pods Frameworks */,
			);
			buildRules = (
			);
			dependencies = (
			);
			name = SocialApp;
			productName = SocialApp;
			productReference = FC3F7E6D264567BA0086846A /* SocialApp.app */;
			productType = "com.apple.product-type.application";
		};
/* End PBXNativeTarget section */

/* Begin PBXProject section */
		FC3F7E65264567BA0086846A /* Project object */ = {
			isa = PBXProject;
			attributes = {
				LastSwiftUpdateCheck = 1230;
				LastUpgradeCheck = 1230;
				TargetAttributes = {
					FC3F7E6C264567BA0086846A = {
						CreatedOnToolsVersion = 12.3;
					};
				};
			};
			buildConfigurationList = FC3F7E68264567BA0086846A /* Build configuration list for PBXProject "SocialApp" */;
			compatibilityVersion = "Xcode 9.3";
			developmentRegion = en;
			hasScannedForEncodings = 0;
			knownRegions = (
				en,
				Base,
			);
			mainGroup = FC3F7E64264567BA0086846A;
			productRefGroup = FC3F7E6E264567BA0086846A /* Products */;
			projectDirPath = "";
			projectRoot = "";
			targets = (
				FC3F7E6C264567BA0086846A /* SocialApp */,
			);
		};
/* End PBXProject section */

/* Begin PBXResourcesBuildPhase section */
		FC3F7E6B264567BA0086846A /* Resources */ = {
			isa = PBXResourcesBuildPhase;
			buildActionMask = 2147483647;
			files = (
				FCB41C10264EB2570051A267 /* Auth.storyboard in Resources */,
				FCB41BCC264EAD1C0051A267 /* Init.storyboard in Resources */,
				FC3F7E7D264567BB0086846A /* LaunchScreen.storyboard in Resources */,
				FC3F7E7A264567BB0086846A /* Assets.xcassets in Resources */,
			);
			runOnlyForDeploymentPostprocessing = 0;
		};
/* End PBXResourcesBuildPhase section */

/* Begin PBXShellScriptBuildPhase section */
		A365C57C28D167AD3FD35248 /* [CP] Embed Pods Frameworks */ = {
			isa = PBXShellScriptBuildPhase;
			buildActionMask = 2147483647;
			files = (
			);
			inputFileListPaths = (
				"${PODS_ROOT}/Target Support Files/Pods-SocialApp/Pods-SocialApp-frameworks-${CONFIGURATION}-input-files.xcfilelist",
			);
			name = "[CP] Embed Pods Frameworks";
			outputFileListPaths = (
				"${PODS_ROOT}/Target Support Files/Pods-SocialApp/Pods-SocialApp-frameworks-${CONFIGURATION}-output-files.xcfilelist",
			);
			runOnlyForDeploymentPostprocessing = 0;
			shellPath = /bin/sh;
			shellScript = "\"${PODS_ROOT}/Target Support Files/Pods-SocialApp/Pods-SocialApp-frameworks.sh\"\n";
			showEnvVarsInLog = 0;
		};
		C8DFEB41FF793D24FD0DE33D /* [CP] Check Pods Manifest.lock */ = {
			isa = PBXShellScriptBuildPhase;
			buildActionMask = 2147483647;
			files = (
			);
			inputFileListPaths = (
			);
			inputPaths = (
				"${PODS_PODFILE_DIR_PATH}/Podfile.lock",
				"${PODS_ROOT}/Manifest.lock",
			);
			name = "[CP] Check Pods Manifest.lock";
			outputFileListPaths = (
			);
			outputPaths = (
				"$(DERIVED_FILE_DIR)/Pods-SocialApp-checkManifestLockResult.txt",
			);
			runOnlyForDeploymentPostprocessing = 0;
			shellPath = /bin/sh;
			shellScript = "diff \"${PODS_PODFILE_DIR_PATH}/Podfile.lock\" \"${PODS_ROOT}/Manifest.lock\" > /dev/null\nif [ $? != 0 ] ; then\n    # print error to STDERR\n    echo \"error: The sandbox is not in sync with the Podfile.lock. Run 'pod install' or update your CocoaPods installation.\" >&2\n    exit 1\nfi\n# This output is used by Xcode 'outputs' to avoid re-running this script phase.\necho \"SUCCESS\" > \"${SCRIPT_OUTPUT_FILE_0}\"\n";
			showEnvVarsInLog = 0;
		};
/* End PBXShellScriptBuildPhase section */

/* Begin PBXSourcesBuildPhase section */
		FC3F7E69264567BA0086846A /* Sources */ = {
			isa = PBXSourcesBuildPhase;
			buildActionMask = 2147483647;
			files = (
				FCB41BCD264EAD1C0051A267 /* InitViewController.swift in Sources */,
				FCB41C0D264EB24B0051A267 /* AuthViewController.swift in Sources */,
				FC3F7E71264567BA0086846A /* AppDelegate.swift in Sources */,
				FCB41C15264EB5EA0051A267 /* StoryBoardExtenstion.swift in Sources */,
			);
			runOnlyForDeploymentPostprocessing = 0;
		};
/* End PBXSourcesBuildPhase section */

/* Begin PBXVariantGroup section */
		FC3F7E7B264567BB0086846A /* LaunchScreen.storyboard */ = {
			isa = PBXVariantGroup;
			children = (
				FC3F7E7C264567BB0086846A /* Base */,
			);
			name = LaunchScreen.storyboard;
			sourceTree = "<group>";
		};
/* End PBXVariantGroup section */

/* Begin XCBuildConfiguration section */
		FC3F7E7F264567BB0086846A /* Debug */ = {
			isa = XCBuildConfiguration;
			buildSettings = {
				ALWAYS_SEARCH_USER_PATHS = NO;
				CLANG_ANALYZER_NONNULL = YES;
				CLANG_ANALYZER_NUMBER_OBJECT_CONVERSION = YES_AGGRESSIVE;
				CLANG_CXX_LANGUAGE_STANDARD = "gnu++14";
				CLANG_CXX_LIBRARY = "libc++";
				CLANG_ENABLE_MODULES = YES;
				CLANG_ENABLE_OBJC_ARC = YES;
				CLANG_ENABLE_OBJC_WEAK = YES;
				CLANG_WARN_BLOCK_CAPTURE_AUTORELEASING = YES;
				CLANG_WARN_BOOL_CONVERSION = YES;
				CLANG_WARN_COMMA = YES;
				CLANG_WARN_CONSTANT_CONVERSION = YES;
				CLANG_WARN_DEPRECATED_OBJC_IMPLEMENTATIONS = YES;
				CLANG_WARN_DIRECT_OBJC_ISA_USAGE = YES_ERROR;
				CLANG_WARN_DOCUMENTATION_COMMENTS = YES;
				CLANG_WARN_EMPTY_BODY = YES;
				CLANG_WARN_ENUM_CONVERSION = YES;
				CLANG_WARN_INFINITE_RECURSION = YES;
				CLANG_WARN_INT_CONVERSION = YES;
				CLANG_WARN_NON_LITERAL_NULL_CONVERSION = YES;
				CLANG_WARN_OBJC_IMPLICIT_RETAIN_SELF = YES;
				CLANG_WARN_OBJC_LITERAL_CONVERSION = YES;
				CLANG_WARN_OBJC_ROOT_CLASS = YES_ERROR;
				CLANG_WARN_QUOTED_INCLUDE_IN_FRAMEWORK_HEADER = YES;
				CLANG_WARN_RANGE_LOOP_ANALYSIS = YES;
				CLANG_WARN_STRICT_PROTOTYPES = YES;
				CLANG_WARN_SUSPICIOUS_MOVE = YES;
				CLANG_WARN_UNGUARDED_AVAILABILITY = YES_AGGRESSIVE;
				CLANG_WARN_UNREACHABLE_CODE = YES;
				CLANG_WARN__DUPLICATE_METHOD_MATCH = YES;
				COPY_PHASE_STRIP = NO;
				DEBUG_INFORMATION_FORMAT = dwarf;
				ENABLE_STRICT_OBJC_MSGSEND = YES;
				ENABLE_TESTABILITY = YES;
				GCC_C_LANGUAGE_STANDARD = gnu11;
				GCC_DYNAMIC_NO_PIC = NO;
				GCC_NO_COMMON_BLOCKS = YES;
				GCC_OPTIMIZATION_LEVEL = 0;
				GCC_PREPROCESSOR_DEFINITIONS = (
					"DEBUG=1",
					"$(inherited)",
				);
				GCC_WARN_64_TO_32_BIT_CONVERSION = YES;
				GCC_WARN_ABOUT_RETURN_TYPE = YES_ERROR;
				GCC_WARN_UNDECLARED_SELECTOR = YES;
				GCC_WARN_UNINITIALIZED_AUTOS = YES_AGGRESSIVE;
				GCC_WARN_UNUSED_FUNCTION = YES;
				GCC_WARN_UNUSED_VARIABLE = YES;
				IPHONEOS_DEPLOYMENT_TARGET = 14.3;
				MTL_ENABLE_DEBUG_INFO = INCLUDE_SOURCE;
				MTL_FAST_MATH = YES;
				ONLY_ACTIVE_ARCH = YES;
				SDKROOT = iphoneos;
				SWIFT_ACTIVE_COMPILATION_CONDITIONS = DEBUG;
				SWIFT_OPTIMIZATION_LEVEL = "-Onone";
			};
			name = Debug;
		};
		FC3F7E80264567BB0086846A /* Release */ = {
			isa = XCBuildConfiguration;
			buildSettings = {
				ALWAYS_SEARCH_USER_PATHS = NO;
				CLANG_ANALYZER_NONNULL = YES;
				CLANG_ANALYZER_NUMBER_OBJECT_CONVERSION = YES_AGGRESSIVE;
				CLANG_CXX_LANGUAGE_STANDARD = "gnu++14";
				CLANG_CXX_LIBRARY = "libc++";
				CLANG_ENABLE_MODULES = YES;
				CLANG_ENABLE_OBJC_ARC = YES;
				CLANG_ENABLE_OBJC_WEAK = YES;
				CLANG_WARN_BLOCK_CAPTURE_AUTORELEASING = YES;
				CLANG_WARN_BOOL_CONVERSION = YES;
				CLANG_WARN_COMMA = YES;
				CLANG_WARN_CONSTANT_CONVERSION = YES;
				CLANG_WARN_DEPRECATED_OBJC_IMPLEMENTATIONS = YES;
				CLANG_WARN_DIRECT_OBJC_ISA_USAGE = YES_ERROR;
				CLANG_WARN_DOCUMENTATION_COMMENTS = YES;
				CLANG_WARN_EMPTY_BODY = YES;
				CLANG_WARN_ENUM_CONVERSION = YES;
				CLANG_WARN_INFINITE_RECURSION = YES;
				CLANG_WARN_INT_CONVERSION = YES;
				CLANG_WARN_NON_LITERAL_NULL_CONVERSION = YES;
				CLANG_WARN_OBJC_IMPLICIT_RETAIN_SELF = YES;
				CLANG_WARN_OBJC_LITERAL_CONVERSION = YES;
				CLANG_WARN_OBJC_ROOT_CLASS = YES_ERROR;
				CLANG_WARN_QUOTED_INCLUDE_IN_FRAMEWORK_HEADER = YES;
				CLANG_WARN_RANGE_LOOP_ANALYSIS = YES;
				CLANG_WARN_STRICT_PROTOTYPES = YES;
				CLANG_WARN_SUSPICIOUS_MOVE = YES;
				CLANG_WARN_UNGUARDED_AVAILABILITY = YES_AGGRESSIVE;
				CLANG_WARN_UNREACHABLE_CODE = YES;
				CLANG_WARN__DUPLICATE_METHOD_MATCH = YES;
				COPY_PHASE_STRIP = NO;
				DEBUG_INFORMATION_FORMAT = "dwarf-with-dsym";
				ENABLE_NS_ASSERTIONS = NO;
				ENABLE_STRICT_OBJC_MSGSEND = YES;
				GCC_C_LANGUAGE_STANDARD = gnu11;
				GCC_NO_COMMON_BLOCKS = YES;
				GCC_WARN_64_TO_32_BIT_CONVERSION = YES;
				GCC_WARN_ABOUT_RETURN_TYPE = YES_ERROR;
				GCC_WARN_UNDECLARED_SELECTOR = YES;
				GCC_WARN_UNINITIALIZED_AUTOS = YES_AGGRESSIVE;
				GCC_WARN_UNUSED_FUNCTION = YES;
				GCC_WARN_UNUSED_VARIABLE = YES;
				IPHONEOS_DEPLOYMENT_TARGET = 14.3;
				MTL_ENABLE_DEBUG_INFO = NO;
				MTL_FAST_MATH = YES;
				SDKROOT = iphoneos;
				SWIFT_COMPILATION_MODE = wholemodule;
				SWIFT_OPTIMIZATION_LEVEL = "-O";
				VALIDATE_PRODUCT = YES;
			};
			name = Release;
		};
		FC3F7E82264567BB0086846A /* Debug */ = {
			isa = XCBuildConfiguration;
			baseConfigurationReference = 238DFC8E304CD9AE0E2261CE /* Pods-SocialApp.debug.xcconfig */;
			buildSettings = {
				ASSETCATALOG_COMPILER_APPICON_NAME = AppIcon;
				ASSETCATALOG_COMPILER_GLOBAL_ACCENT_COLOR_NAME = AccentColor;
				CODE_SIGN_STYLE = Automatic;
				DEVELOPMENT_TEAM = "";
				INFOPLIST_FILE = SocialApp/Resources/Info.plist;
				LD_RUNPATH_SEARCH_PATHS = (
					"$(inherited)",
					"@executable_path/Frameworks",
				);
				PRODUCT_BUNDLE_IDENTIFIER = com.hooristudios.socialapp.SocialApp;
				PRODUCT_NAME = "$(TARGET_NAME)";
				SWIFT_VERSION = 5.0;
				TARGETED_DEVICE_FAMILY = "1,2";
			};
			name = Debug;
		};
		FC3F7E83264567BB0086846A /* Release */ = {
			isa = XCBuildConfiguration;
			baseConfigurationReference = E7AD69916CF6DB5B740B06D3 /* Pods-SocialApp.release.xcconfig */;
			buildSettings = {
				ASSETCATALOG_COMPILER_APPICON_NAME = AppIcon;
				ASSETCATALOG_COMPILER_GLOBAL_ACCENT_COLOR_NAME = AccentColor;
				CODE_SIGN_STYLE = Automatic;
				DEVELOPMENT_TEAM = "";
				INFOPLIST_FILE = SocialApp/Resources/Info.plist;
				LD_RUNPATH_SEARCH_PATHS = (
					"$(inherited)",
					"@executable_path/Frameworks",
				);
				PRODUCT_BUNDLE_IDENTIFIER = com.hooristudios.socialapp.SocialApp;
				PRODUCT_NAME = "$(TARGET_NAME)";
				SWIFT_VERSION = 5.0;
				TARGETED_DEVICE_FAMILY = "1,2";
			};
			name = Release;
		};
/* End XCBuildConfiguration section */

/* Begin XCConfigurationList section */
		FC3F7E68264567BA0086846A /* Build configuration list for PBXProject "SocialApp" */ = {
			isa = XCConfigurationList;
			buildConfigurations = (
				FC3F7E7F264567BB0086846A /* Debug */,
				FC3F7E80264567BB0086846A /* Release */,
			);
			defaultConfigurationIsVisible = 0;
			defaultConfigurationName = Release;
		};
		FC3F7E81264567BB0086846A /* Build configuration list for PBXNativeTarget "SocialApp" */ = {
			isa = XCConfigurationList;
			buildConfigurations = (
				FC3F7E82264567BB0086846A /* Debug */,
				FC3F7E83264567BB0086846A /* Release */,
			);
			defaultConfigurationIsVisible = 0;
			defaultConfigurationName = Release;
		};
/* End XCConfigurationList section */
	};
	rootObject = FC3F7E65264567BA0086846A /* Project object */;
}
